# THIS IS AN AUTOGENERATED FILE. DO NOT EDIT THIS FILE DIRECTLY.
# yarn lockfile v1


rxjs@^6.5.3:
  version "6.5.3"
  resolved "https://registry.npmjs.org/rxjs/-/rxjs-6.5.3.tgz#510e26317f4db91a7eb1de77d9dd9ba0a4899a3a"
  integrity sha512-wuYsAYYFdWTAnAaPoKGNhfpWwKZbJW+HgAJ+mImp+Epl7BG8oNWBCTyRM8gba9k4lk8BgWdoYm21Mo/RYhhbgA==
  dependencies:
    tslib "^1.9.0"

tslib@^1.9.0:
  version "1.10.0"
  resolved "https://registry.npmjs.org/tslib/-/tslib-1.10.0.tgz#c3c19f95973fb0a62973fb09d90d961ee43e5c8a"
  integrity sha512-qOebF53frne81cf0S9B41ByenJ3/IuH8yJKngAX35CmiZySA0khhkovshKK+jGCaMnVomla7gVlIcc3EvKPbTQ==

typescript@^3.7.2:
  version "3.7.2"
  resolved "https://registry.npmjs.org/typescript/-/typescript-3.7.2.tgz#27e489b95fa5909445e9fef5ee48d81697ad18fb"
  integrity sha512-ml7V7JfiN2Xwvcer+XAf2csGO1bPBdRbFCkYBczNZggrBZ9c7G3riSUeJmqEU5uOtXNPMhE3n+R4FA/3YOAWOQ==
